
Microsoft Visual Studio Solution File, Format Version 12.00
# Visual Studio Version 16
VisualStudioVersion = 16.0.33328.57
MinimumVisualStudioVersion = 10.0.40219.1
Project("{9A19103F-16F7-4668-BE54-9A1E7A4F7556}") = "MonopolyClient", "..\..\..\OneDrive - Rafael\Documents\Monapol_Danny\Noam\MonopolyClient\MonopolyClient.csproj", "{00DDB470-C3F7-4BBD-A29B-89AF7E464AE9}"
EndProject
Project("{9A19103F-16F7-4668-BE54-9A1E7A4F7556}") = "MonopolyClientUI", "..\..\..\OneDrive - Rafael\Documents\Monapol_Danny\Noam\MonopolyClientUI\MonopolyClientUI.csproj", "{CEB72388-082B-42D8-8D21-4743FC77A211}"
EndProject
Project("{9A19103F-16F7-4668-BE54-9A1E7A4F7556}") = "MonopolyServer", "..\..\..\OneDrive - Rafael\Documents\Monapol_Danny\Noam\MonopolyServer\MonopolyServer.csproj", "{F94567CD-65AD-400D-BDEB-B66CF3BC9F80}"
EndProject
Global
	GlobalSection(SolutionConfigurationPlatforms) = preSolution
		Debug|Any CPU = Debug|Any CPU
		Release|Any CPU = Release|Any CPU
	EndGlobalSection
	GlobalSection(ProjectConfigurationPlatforms) = postSolution
		{00DDB470-C3F7-4BBD-A29B-89AF7E464AE9}.Debug|Any CPU.ActiveCfg = Debug|Any CPU
		{00DDB470-C3F7-4BBD-A29B-89AF7E464AE9}.Debug|Any CPU.Build.0 = Debug|Any CPU
		{00DDB470-C3F7-4BBD-A29B-89AF7E464AE9}.Release|Any CPU.ActiveCfg = Release|Any CPU
		{00DDB470-C3F7-4BBD-A29B-89AF7E464AE9}.Release|Any CPU.Build.0 = Release|Any CPU
		{CEB72388-082B-42D8-8D21-4743FC77A211}.Debug|Any CPU.ActiveCfg = Debug|Any CPU
		{CEB72388-082B-42D8-8D21-4743FC77A211}.Debug|Any CPU.Build.0 = Debug|Any CPU
		{CEB72388-082B-42D8-8D21-4743FC77A211}.Release|Any CPU.ActiveCfg = Release|Any CPU
		{CEB72388-082B-42D8-8D21-4743FC77A211}.Release|Any CPU.Build.0 = Release|Any CPU
		{F94567CD-65AD-400D-BDEB-B66CF3BC9F80}.Debug|Any CPU.ActiveCfg = Debug|Any CPU
		{F94567CD-65AD-400D-BDEB-B66CF3BC9F80}.Debug|Any CPU.Build.0 = Debug|Any CPU
		{F94567CD-65AD-400D-BDEB-B66CF3BC9F80}.Release|Any CPU.ActiveCfg = Release|Any CPU
		{F94567CD-65AD-400D-BDEB-B66CF3BC9F80}.Release|Any CPU.Build.0 = Release|Any CPU
	EndGlobalSection
	GlobalSection(SolutionProperties) = preSolution
		HideSolutionNode = FALSE
	EndGlobalSection
	GlobalSection(ExtensibilityGlobals) = postSolution
		SolutionGuid = {67E566F3-DF2A-4A1F-B87A-E0BCC618ADB1}
	EndGlobalSection
EndGlobal
